{
  "name": "react-laundry",
  "version": "0.1.0",
  "lockfileVersion": 1,
  "requires": true,
  "dependencies": {
    "react-websocket": {
      "version": "1.1.7",
      "resolved": "https://registry.npmjs.org/react-websocket/-/react-websocket-1.1.7.tgz",
      "integrity": "sha1-CnYfPeNU1HMfVTQ0VuA7H2AFtJI="
    }
  }
}
